
Microsoft Visual Studio Solution File, Format Version 12.00
# Visual Studio Version 16
VisualStudioVersion = 16.0.30523.141
MinimumVisualStudioVersion = 10.0.40219.1
Project("{9A19103F-16F7-4668-BE54-9A1E7A4F7556}") = "Basics.Web.Server", "Basics.Web\Server\Basics.Web.Server.csproj", "{B729AD23-5B48-4917-BD00-A67F1D589D94}"
EndProject
Project("{9A19103F-16F7-4668-BE54-9A1E7A4F7556}") = "Basics.Web.Client", "Basics.Web\Client\Basics.Web.Client.csproj", "{9C0DC17B-9579-4FE2-83C9-48E02908FF40}"
EndProject
Project("{9A19103F-16F7-4668-BE54-9A1E7A4F7556}") = "Basics", "..\Basics\Basics\Basics.csproj", "{47F08FE6-6FFC-461F-B4C4-BDB05B2B6704}"
EndProject
Project("{FAE04EC0-301F-11D3-BF4B-00C04F79EFBC}") = "Animation", "Animation\Animation.csproj", "{1BEDE465-926E-4D75-8717-C59EA3AB36F1}"
EndProject
Global
	GlobalSection(SolutionConfigurationPlatforms) = preSolution
		Debug|Any CPU = Debug|Any CPU
		Release|Any CPU = Release|Any CPU
	EndGlobalSection
	GlobalSection(ProjectConfigurationPlatforms) = postSolution
		{B729AD23-5B48-4917-BD00-A67F1D589D94}.Debug|Any CPU.ActiveCfg = Debug|Any CPU
		{B729AD23-5B48-4917-BD00-A67F1D589D94}.Debug|Any CPU.Build.0 = Debug|Any CPU
		{B729AD23-5B48-4917-BD00-A67F1D589D94}.Release|Any CPU.ActiveCfg = Release|Any CPU
		{B729AD23-5B48-4917-BD00-A67F1D589D94}.Release|Any CPU.Build.0 = Release|Any CPU
		{9C0DC17B-9579-4FE2-83C9-48E02908FF40}.Debug|Any CPU.ActiveCfg = Debug|Any CPU
		{9C0DC17B-9579-4FE2-83C9-48E02908FF40}.Debug|Any CPU.Build.0 = Debug|Any CPU
		{9C0DC17B-9579-4FE2-83C9-48E02908FF40}.Release|Any CPU.ActiveCfg = Release|Any CPU
		{9C0DC17B-9579-4FE2-83C9-48E02908FF40}.Release|Any CPU.Build.0 = Release|Any CPU
		{47F08FE6-6FFC-461F-B4C4-BDB05B2B6704}.Debug|Any CPU.ActiveCfg = Debug|Any CPU
		{47F08FE6-6FFC-461F-B4C4-BDB05B2B6704}.Debug|Any CPU.Build.0 = Debug|Any CPU
		{47F08FE6-6FFC-461F-B4C4-BDB05B2B6704}.Release|Any CPU.ActiveCfg = Release|Any CPU
		{47F08FE6-6FFC-461F-B4C4-BDB05B2B6704}.Release|Any CPU.Build.0 = Release|Any CPU
		{1BEDE465-926E-4D75-8717-C59EA3AB36F1}.Debug|Any CPU.ActiveCfg = Debug|Any CPU
		{1BEDE465-926E-4D75-8717-C59EA3AB36F1}.Debug|Any CPU.Build.0 = Debug|Any CPU
		{1BEDE465-926E-4D75-8717-C59EA3AB36F1}.Release|Any CPU.ActiveCfg = Release|Any CPU
		{1BEDE465-926E-4D75-8717-C59EA3AB36F1}.Release|Any CPU.Build.0 = Release|Any CPU
	EndGlobalSection
	GlobalSection(SolutionProperties) = preSolution
		HideSolutionNode = FALSE
	EndGlobalSection
	GlobalSection(ExtensibilityGlobals) = postSolution
		SolutionGuid = {10CCB2AA-E1EE-4A9F-B49D-E2ACE8941AF2}
	EndGlobalSection
EndGlobal
